
Microsoft Visual Studio Solution File, Format Version 12.00
Project("{FAE04EC0-301F-11D3-BF4B-00C04F79EFBC}") = "HW3ExtraCredit", "HW3ExtraCredit\HW3ExtraCredit.csproj", "{F91E86C1-41DA-418E-A96B-CDD7E55BAAB7}"
EndProject
Global
	GlobalSection(SolutionConfigurationPlatforms) = preSolution
		Debug|Any CPU = Debug|Any CPU
		Release|Any CPU = Release|Any CPU
	EndGlobalSection
	GlobalSection(ProjectConfigurationPlatforms) = postSolution
		{F91E86C1-41DA-418E-A96B-CDD7E55BAAB7}.Debug|Any CPU.ActiveCfg = Debug|Any CPU
		{F91E86C1-41DA-418E-A96B-CDD7E55BAAB7}.Debug|Any CPU.Build.0 = Debug|Any CPU
		{F91E86C1-41DA-418E-A96B-CDD7E55BAAB7}.Release|Any CPU.ActiveCfg = Release|Any CPU
		{F91E86C1-41DA-418E-A96B-CDD7E55BAAB7}.Release|Any CPU.Build.0 = Release|Any CPU
	EndGlobalSection
EndGlobal
